
Microsoft Visual Studio Solution File, Format Version 12.00
# Visual Studio 15
VisualStudioVersion = 15.0.27703.2042
MinimumVisualStudioVersion = 10.0.40219.1
Project("{FAE04EC0-301F-11D3-BF4B-00C04F79EFBC}") = "DotvvmAuthSample", "DotvvmAuthSample\DotvvmAuthSample.csproj", "{A32CB287-FB66-4549-8F30-F1389F456473}"
EndProject
Global
	GlobalSection(SolutionConfigurationPlatforms) = preSolution
		Debug|Any CPU = Debug|Any CPU
		Release|Any CPU = Release|Any CPU
	EndGlobalSection
	GlobalSection(ProjectConfigurationPlatforms) = postSolution
		{A32CB287-FB66-4549-8F30-F1389F456473}.Debug|Any CPU.ActiveCfg = Debug|Any CPU
		{A32CB287-FB66-4549-8F30-F1389F456473}.Debug|Any CPU.Build.0 = Debug|Any CPU
		{A32CB287-FB66-4549-8F30-F1389F456473}.Release|Any CPU.ActiveCfg = Release|Any CPU
		{A32CB287-FB66-4549-8F30-F1389F456473}.Release|Any CPU.Build.0 = Release|Any CPU
	EndGlobalSection
	GlobalSection(SolutionProperties) = preSolution
		HideSolutionNode = FALSE
	EndGlobalSection
	GlobalSection(ExtensibilityGlobals) = postSolution
		SolutionGuid = {ACC748EF-C0B6-4C04-A792-1210886F86A4}
	EndGlobalSection
EndGlobal
